// !$*UTF8*$!
{
	archiveVersion = 1;
	classes = {
	};
	objectVersion = 56;
	objects = {

/* Begin PBXBuildFile section */
		4743D06F2B81198800103C5E /* Colors.xcassets in Resources */ = {isa = PBXBuildFile; fileRef = 4743D06E2B81198800103C5E /* Colors.xcassets */; };
		4756A0272B7FCC56003F9675 /* AppDelegate.swift in Sources */ = {isa = PBXBuildFile; fileRef = 4756A0262B7FCC56003F9675 /* AppDelegate.swift */; };
		4756A0292B7FCC56003F9675 /* SceneDelegate.swift in Sources */ = {isa = PBXBuildFile; fileRef = 4756A0282B7FCC56003F9675 /* SceneDelegate.swift */; };
		4756A0302B7FCC57003F9675 /* Images.xcassets in Resources */ = {isa = PBXBuildFile; fileRef = 4756A02F2B7FCC57003F9675 /* Images.xcassets */; };
		4756A0332B7FCC57003F9675 /* LaunchScreen.storyboard in Resources */ = {isa = PBXBuildFile; fileRef = 4756A0312B7FCC57003F9675 /* LaunchScreen.storyboard */; };
		47C7B3772B812A3700125172 /* AppColorProtocol.swift in Sources */ = {isa = PBXBuildFile; fileRef = 47C7B3762B812A3700125172 /* AppColorProtocol.swift */; };
		47C7B3792B812AF000125172 /* AppColor.swift in Sources */ = {isa = PBXBuildFile; fileRef = 47C7B3782B812AF000125172 /* AppColor.swift */; };
		47C7B37E2B81321800125172 /* SF-Pro-Display-Semibold.otf in Resources */ = {isa = PBXBuildFile; fileRef = 47C7B37A2B81321700125172 /* SF-Pro-Display-Semibold.otf */; };
		47C7B37F2B81321800125172 /* SF-Pro-Display-Medium.otf in Resources */ = {isa = PBXBuildFile; fileRef = 47C7B37B2B81321700125172 /* SF-Pro-Display-Medium.otf */; };
		47C7B3802B81321800125172 /* SF-Pro-Display-Bold.otf in Resources */ = {isa = PBXBuildFile; fileRef = 47C7B37C2B81321800125172 /* SF-Pro-Display-Bold.otf */; };
		47C7B3812B81321800125172 /* SF-Pro-Display-Regular.otf in Resources */ = {isa = PBXBuildFile; fileRef = 47C7B37D2B81321800125172 /* SF-Pro-Display-Regular.otf */; };
		47C7B3852B8132C800125172 /* AppFont.swift in Sources */ = {isa = PBXBuildFile; fileRef = 47C7B3842B8132C800125172 /* AppFont.swift */; };
		47C7B3872B8132E100125172 /* AppFontProtocol.swift in Sources */ = {isa = PBXBuildFile; fileRef = 47C7B3862B8132E100125172 /* AppFontProtocol.swift */; };
		47C7B38A2B8136A200125172 /* netfox in Frameworks */ = {isa = PBXBuildFile; productRef = 47C7B3892B8136A200125172 /* netfox */; };
		47C7B38D2B8136AB00125172 /* Kingfisher in Frameworks */ = {isa = PBXBuildFile; productRef = 47C7B38C2B8136AB00125172 /* Kingfisher */; };
		47C7B3902B8136B400125172 /* Alamofire in Frameworks */ = {isa = PBXBuildFile; productRef = 47C7B38F2B8136B400125172 /* Alamofire */; };
		47C7B3932B8136C000125172 /* SnapKit in Frameworks */ = {isa = PBXBuildFile; productRef = 47C7B3922B8136C000125172 /* SnapKit */; };
		47C7B3962B81372F00125172 /* AppImageProtocol.swift in Sources */ = {isa = PBXBuildFile; fileRef = 47C7B3952B81372F00125172 /* AppImageProtocol.swift */; };
		47C7B3982B81377400125172 /* AppImage.swift in Sources */ = {isa = PBXBuildFile; fileRef = 47C7B3972B81377400125172 /* AppImage.swift */; };
/* End PBXBuildFile section */

/* Begin PBXFileReference section */
		4743D06E2B81198800103C5E /* Colors.xcassets */ = {isa = PBXFileReference; lastKnownFileType = folder.assetcatalog; path = Colors.xcassets; sourceTree = "<group>"; };
		4756A0232B7FCC56003F9675 /* KoshQon.app */ = {isa = PBXFileReference; explicitFileType = wrapper.application; includeInIndex = 0; path = KoshQon.app; sourceTree = BUILT_PRODUCTS_DIR; };
		4756A0262B7FCC56003F9675 /* AppDelegate.swift */ = {isa = PBXFileReference; lastKnownFileType = sourcecode.swift; path = AppDelegate.swift; sourceTree = "<group>"; };
		4756A0282B7FCC56003F9675 /* SceneDelegate.swift */ = {isa = PBXFileReference; lastKnownFileType = sourcecode.swift; path = SceneDelegate.swift; sourceTree = "<group>"; };
		4756A02F2B7FCC57003F9675 /* Images.xcassets */ = {isa = PBXFileReference; lastKnownFileType = folder.assetcatalog; path = Images.xcassets; sourceTree = "<group>"; };
		4756A0322B7FCC57003F9675 /* Base */ = {isa = PBXFileReference; lastKnownFileType = file.storyboard; name = Base; path = Base.lproj/LaunchScreen.storyboard; sourceTree = "<group>"; };
		4756A0342B7FCC57003F9675 /* Info.plist */ = {isa = PBXFileReference; lastKnownFileType = text.plist.xml; name = Info.plist; path = KoshQon/Resources/Info.plist; sourceTree = SOURCE_ROOT; };
		47C7B3762B812A3700125172 /* AppColorProtocol.swift */ = {isa = PBXFileReference; lastKnownFileType = sourcecode.swift; path = AppColorProtocol.swift; sourceTree = "<group>"; };
		47C7B3782B812AF000125172 /* AppColor.swift */ = {isa = PBXFileReference; lastKnownFileType = sourcecode.swift; path = AppColor.swift; sourceTree = "<group>"; };
		47C7B37A2B81321700125172 /* SF-Pro-Display-Semibold.otf */ = {isa = PBXFileReference; lastKnownFileType = file; path = "SF-Pro-Display-Semibold.otf"; sourceTree = "<group>"; };
		47C7B37B2B81321700125172 /* SF-Pro-Display-Medium.otf */ = {isa = PBXFileReference; lastKnownFileType = file; path = "SF-Pro-Display-Medium.otf"; sourceTree = "<group>"; };
		47C7B37C2B81321800125172 /* SF-Pro-Display-Bold.otf */ = {isa = PBXFileReference; lastKnownFileType = file; path = "SF-Pro-Display-Bold.otf"; sourceTree = "<group>"; };
		47C7B37D2B81321800125172 /* SF-Pro-Display-Regular.otf */ = {isa = PBXFileReference; lastKnownFileType = file; path = "SF-Pro-Display-Regular.otf"; sourceTree = "<group>"; };
		47C7B3842B8132C800125172 /* AppFont.swift */ = {isa = PBXFileReference; lastKnownFileType = sourcecode.swift; path = AppFont.swift; sourceTree = "<group>"; };
		47C7B3862B8132E100125172 /* AppFontProtocol.swift */ = {isa = PBXFileReference; lastKnownFileType = sourcecode.swift; path = AppFontProtocol.swift; sourceTree = "<group>"; };
		47C7B3952B81372F00125172 /* AppImageProtocol.swift */ = {isa = PBXFileReference; lastKnownFileType = sourcecode.swift; path = AppImageProtocol.swift; sourceTree = "<group>"; };
		47C7B3972B81377400125172 /* AppImage.swift */ = {isa = PBXFileReference; lastKnownFileType = sourcecode.swift; path = AppImage.swift; sourceTree = "<group>"; };
/* End PBXFileReference section */

/* Begin PBXFrameworksBuildPhase section */
		4756A0202B7FCC56003F9675 /* Frameworks */ = {
			isa = PBXFrameworksBuildPhase;
			buildActionMask = 2147483647;
			files = (
				47C7B3902B8136B400125172 /* Alamofire in Frameworks */,
				47C7B3932B8136C000125172 /* SnapKit in Frameworks */,
				47C7B38D2B8136AB00125172 /* Kingfisher in Frameworks */,
				47C7B38A2B8136A200125172 /* netfox in Frameworks */,
			);
			runOnlyForDeploymentPostprocessing = 0;
		};
/* End PBXFrameworksBuildPhase section */

/* Begin PBXGroup section */
		4743D0652B81147000103C5E /* Sources */ = {
			isa = PBXGroup;
			children = (
				4756A0262B7FCC56003F9675 /* AppDelegate.swift */,
				4756A0282B7FCC56003F9675 /* SceneDelegate.swift */,
				4743D06B2B81191200103C5E /* Scenes */,
				47C7B3752B8129E800125172 /* Extensions */,
			);
			path = Sources;
			sourceTree = "<group>";
		};
		4743D0672B81150E00103C5E /* Resources */ = {
			isa = PBXGroup;
			children = (
				4743D0682B81151900103C5E /* Images */,
				4743D0692B81152100103C5E /* Colors */,
				4743D06A2B81152500103C5E /* Fonts */,
				4756A0312B7FCC57003F9675 /* LaunchScreen.storyboard */,
				4756A0342B7FCC57003F9675 /* Info.plist */,
			);
			path = Resources;
			sourceTree = "<group>";
		};
		4743D0682B81151900103C5E /* Images */ = {
			isa = PBXGroup;
			children = (
				47C7B3942B81371C00125172 /* AppImages */,
				47C7B3952B81372F00125172 /* AppImageProtocol.swift */,
				47C7B3972B81377400125172 /* AppImage.swift */,
			);
			path = Images;
			sourceTree = "<group>";
		};
		4743D0692B81152100103C5E /* Colors */ = {
			isa = PBXGroup;
			children = (
				47C7B3832B81328C00125172 /* AppColors */,
				47C7B3762B812A3700125172 /* AppColorProtocol.swift */,
				47C7B3782B812AF000125172 /* AppColor.swift */,
			);
			path = Colors;
			sourceTree = "<group>";
		};
		4743D06A2B81152500103C5E /* Fonts */ = {
			isa = PBXGroup;
			children = (
				47C7B3822B81327F00125172 /* AppFonts */,
				47C7B3862B8132E100125172 /* AppFontProtocol.swift */,
				47C7B3842B8132C800125172 /* AppFont.swift */,
			);
			path = Fonts;
			sourceTree = "<group>";
		};
		4743D06B2B81191200103C5E /* Scenes */ = {
			isa = PBXGroup;
			children = (
				4743D06C2B81193000103C5E /* SplashScreen */,
				4743D06D2B81194100103C5E /* Auth */,
			);
			path = Scenes;
			sourceTree = "<group>";
		};
		4743D06C2B81193000103C5E /* SplashScreen */ = {
			isa = PBXGroup;
			children = (
			);
			path = SplashScreen;
			sourceTree = "<group>";
		};
		4743D06D2B81194100103C5E /* Auth */ = {
			isa = PBXGroup;
			children = (
			);
			path = Auth;
			sourceTree = "<group>";
		};
		4756A01A2B7FCC56003F9675 = {
			isa = PBXGroup;
			children = (
				4756A0252B7FCC56003F9675 /* KoshQon */,
				4756A0242B7FCC56003F9675 /* Products */,
			);
			sourceTree = "<group>";
		};
		4756A0242B7FCC56003F9675 /* Products */ = {
			isa = PBXGroup;
			children = (
				4756A0232B7FCC56003F9675 /* KoshQon.app */,
			);
			name = Products;
			sourceTree = "<group>";
		};
		4756A0252B7FCC56003F9675 /* KoshQon */ = {
			isa = PBXGroup;
			children = (
				4743D0652B81147000103C5E /* Sources */,
				4743D0672B81150E00103C5E /* Resources */,
			);
			path = KoshQon;
			sourceTree = "<group>";
		};
		47C7B3752B8129E800125172 /* Extensions */ = {
			isa = PBXGroup;
			children = (
			);
			path = Extensions;
			sourceTree = "<group>";
		};
		47C7B3822B81327F00125172 /* AppFonts */ = {
			isa = PBXGroup;
			children = (
				47C7B37C2B81321800125172 /* SF-Pro-Display-Bold.otf */,
				47C7B37B2B81321700125172 /* SF-Pro-Display-Medium.otf */,
				47C7B37D2B81321800125172 /* SF-Pro-Display-Regular.otf */,
				47C7B37A2B81321700125172 /* SF-Pro-Display-Semibold.otf */,
			);
			path = AppFonts;
			sourceTree = "<group>";
		};
		47C7B3832B81328C00125172 /* AppColors */ = {
			isa = PBXGroup;
			children = (
				4743D06E2B81198800103C5E /* Colors.xcassets */,
			);
			path = AppColors;
			sourceTree = "<group>";
		};
		47C7B3942B81371C00125172 /* AppImages */ = {
			isa = PBXGroup;
			children = (
				4756A02F2B7FCC57003F9675 /* Images.xcassets */,
			);
			path = AppImages;
			sourceTree = "<group>";
		};
/* End PBXGroup section */

/* Begin PBXNativeTarget section */
		4756A0222B7FCC56003F9675 /* KoshQon */ = {
			isa = PBXNativeTarget;
			buildConfigurationList = 4756A0372B7FCC57003F9675 /* Build configuration list for PBXNativeTarget "KoshQon" */;
			buildPhases = (
				4756A01F2B7FCC56003F9675 /* Sources */,
				4756A0202B7FCC56003F9675 /* Frameworks */,
				4756A0212B7FCC56003F9675 /* Resources */,
			);
			buildRules = (
			);
			dependencies = (
			);
			name = KoshQon;
			packageProductDependencies = (
				47C7B3892B8136A200125172 /* netfox */,
				47C7B38C2B8136AB00125172 /* Kingfisher */,
				47C7B38F2B8136B400125172 /* Alamofire */,
				47C7B3922B8136C000125172 /* SnapKit */,
			);
			productName = KoshQon;
			productReference = 4756A0232B7FCC56003F9675 /* KoshQon.app */;
			productType = "com.apple.product-type.application";
		};
/* End PBXNativeTarget section */

/* Begin PBXProject section */
		4756A01B2B7FCC56003F9675 /* Project object */ = {
			isa = PBXProject;
			attributes = {
				BuildIndependentTargetsInParallel = 1;
				LastSwiftUpdateCheck = 1520;
				LastUpgradeCheck = 1520;
				TargetAttributes = {
					4756A0222B7FCC56003F9675 = {
						CreatedOnToolsVersion = 15.2;
					};
				};
			};
			buildConfigurationList = 4756A01E2B7FCC56003F9675 /* Build configuration list for PBXProject "KoshQon" */;
			compatibilityVersion = "Xcode 14.0";
			developmentRegion = en;
			hasScannedForEncodings = 0;
			knownRegions = (
				en,
				Base,
			);
			mainGroup = 4756A01A2B7FCC56003F9675;
			packageReferences = (
				47C7B3882B8136A200125172 /* XCRemoteSwiftPackageReference "netfox" */,
				47C7B38B2B8136AB00125172 /* XCRemoteSwiftPackageReference "Kingfisher" */,
				47C7B38E2B8136B400125172 /* XCRemoteSwiftPackageReference "Alamofire" */,
				47C7B3912B8136C000125172 /* XCRemoteSwiftPackageReference "SnapKit" */,
			);
			productRefGroup = 4756A0242B7FCC56003F9675 /* Products */;
			projectDirPath = "";
			projectRoot = "";
			targets = (
				4756A0222B7FCC56003F9675 /* KoshQon */,
			);
		};
/* End PBXProject section */

/* Begin PBXResourcesBuildPhase section */
		4756A0212B7FCC56003F9675 /* Resources */ = {
			isa = PBXResourcesBuildPhase;
			buildActionMask = 2147483647;
			files = (
				47C7B37E2B81321800125172 /* SF-Pro-Display-Semibold.otf in Resources */,
				4743D06F2B81198800103C5E /* Colors.xcassets in Resources */,
				47C7B3802B81321800125172 /* SF-Pro-Display-Bold.otf in Resources */,
				4756A0332B7FCC57003F9675 /* LaunchScreen.storyboard in Resources */,
				4756A0302B7FCC57003F9675 /* Images.xcassets in Resources */,
				47C7B3812B81321800125172 /* SF-Pro-Display-Regular.otf in Resources */,
				47C7B37F2B81321800125172 /* SF-Pro-Display-Medium.otf in Resources */,
			);
			runOnlyForDeploymentPostprocessing = 0;
		};
/* End PBXResourcesBuildPhase section */

/* Begin PBXSourcesBuildPhase section */
		4756A01F2B7FCC56003F9675 /* Sources */ = {
			isa = PBXSourcesBuildPhase;
			buildActionMask = 2147483647;
			files = (
				47C7B3792B812AF000125172 /* AppColor.swift in Sources */,
				47C7B3852B8132C800125172 /* AppFont.swift in Sources */,
				47C7B3772B812A3700125172 /* AppColorProtocol.swift in Sources */,
				4756A0272B7FCC56003F9675 /* AppDelegate.swift in Sources */,
				4756A0292B7FCC56003F9675 /* SceneDelegate.swift in Sources */,
				47C7B3872B8132E100125172 /* AppFontProtocol.swift in Sources */,
				47C7B3962B81372F00125172 /* AppImageProtocol.swift in Sources */,
				47C7B3982B81377400125172 /* AppImage.swift in Sources */,
			);
			runOnlyForDeploymentPostprocessing = 0;
		};
/* End PBXSourcesBuildPhase section */

/* Begin PBXVariantGroup section */
		4756A0312B7FCC57003F9675 /* LaunchScreen.storyboard */ = {
			isa = PBXVariantGroup;
			children = (
				4756A0322B7FCC57003F9675 /* Base */,
			);
			name = LaunchScreen.storyboard;
			path = KoshQon/Resources;
			sourceTree = SOURCE_ROOT;
		};
/* End PBXVariantGroup section */

/* Begin XCBuildConfiguration section */
		4756A0352B7FCC57003F9675 /* Debug */ = {
			isa = XCBuildConfiguration;
			buildSettings = {
				ALWAYS_SEARCH_USER_PATHS = NO;
				ASSETCATALOG_COMPILER_GENERATE_SWIFT_ASSET_SYMBOL_EXTENSIONS = YES;
				CLANG_ANALYZER_NONNULL = YES;
				CLANG_ANALYZER_NUMBER_OBJECT_CONVERSION = YES_AGGRESSIVE;
				CLANG_CXX_LANGUAGE_STANDARD = "gnu++20";
				CLANG_ENABLE_MODULES = YES;
				CLANG_ENABLE_OBJC_ARC = YES;
				CLANG_ENABLE_OBJC_WEAK = YES;
				CLANG_WARN_BLOCK_CAPTURE_AUTORELEASING = YES;
				CLANG_WARN_BOOL_CONVERSION = YES;
				CLANG_WARN_COMMA = YES;
				CLANG_WARN_CONSTANT_CONVERSION = YES;
				CLANG_WARN_DEPRECATED_OBJC_IMPLEMENTATIONS = YES;
				CLANG_WARN_DIRECT_OBJC_ISA_USAGE = YES_ERROR;
				CLANG_WARN_DOCUMENTATION_COMMENTS = YES;
				CLANG_WARN_EMPTY_BODY = YES;
				CLANG_WARN_ENUM_CONVERSION = YES;
				CLANG_WARN_INFINITE_RECURSION = YES;
				CLANG_WARN_INT_CONVERSION = YES;
				CLANG_WARN_NON_LITERAL_NULL_CONVERSION = YES;
				CLANG_WARN_OBJC_IMPLICIT_RETAIN_SELF = YES;
				CLANG_WARN_OBJC_LITERAL_CONVERSION = YES;
				CLANG_WARN_OBJC_ROOT_CLASS = YES_ERROR;
				CLANG_WARN_QUOTED_INCLUDE_IN_FRAMEWORK_HEADER = YES;
				CLANG_WARN_RANGE_LOOP_ANALYSIS = YES;
				CLANG_WARN_STRICT_PROTOTYPES = YES;
				CLANG_WARN_SUSPICIOUS_MOVE = YES;
				CLANG_WARN_UNGUARDED_AVAILABILITY = YES_AGGRESSIVE;
				CLANG_WARN_UNREACHABLE_CODE = YES;
				CLANG_WARN__DUPLICATE_METHOD_MATCH = YES;
				COPY_PHASE_STRIP = NO;
				DEBUG_INFORMATION_FORMAT = dwarf;
				ENABLE_STRICT_OBJC_MSGSEND = YES;
				ENABLE_TESTABILITY = YES;
				ENABLE_USER_SCRIPT_SANDBOXING = YES;
				GCC_C_LANGUAGE_STANDARD = gnu17;
				GCC_DYNAMIC_NO_PIC = NO;
				GCC_NO_COMMON_BLOCKS = YES;
				GCC_OPTIMIZATION_LEVEL = 0;
				GCC_PREPROCESSOR_DEFINITIONS = (
					"DEBUG=1",
					"$(inherited)",
				);
				GCC_WARN_64_TO_32_BIT_CONVERSION = YES;
				GCC_WARN_ABOUT_RETURN_TYPE = YES_ERROR;
				GCC_WARN_UNDECLARED_SELECTOR = YES;
				GCC_WARN_UNINITIALIZED_AUTOS = YES_AGGRESSIVE;
				GCC_WARN_UNUSED_FUNCTION = YES;
				GCC_WARN_UNUSED_VARIABLE = YES;
				IPHONEOS_DEPLOYMENT_TARGET = 13.0;
				LOCALIZATION_PREFERS_STRING_CATALOGS = YES;
				MTL_ENABLE_DEBUG_INFO = INCLUDE_SOURCE;
				MTL_FAST_MATH = YES;
				ONLY_ACTIVE_ARCH = YES;
				SDKROOT = iphoneos;
				SWIFT_ACTIVE_COMPILATION_CONDITIONS = "DEBUG $(inherited)";
				SWIFT_OPTIMIZATION_LEVEL = "-Onone";
			};
			name = Debug;
		};
		4756A0362B7FCC57003F9675 /* Release */ = {
			isa = XCBuildConfiguration;
			buildSettings = {
				ALWAYS_SEARCH_USER_PATHS = NO;
				ASSETCATALOG_COMPILER_GENERATE_SWIFT_ASSET_SYMBOL_EXTENSIONS = YES;
				CLANG_ANALYZER_NONNULL = YES;
				CLANG_ANALYZER_NUMBER_OBJECT_CONVERSION = YES_AGGRESSIVE;
				CLANG_CXX_LANGUAGE_STANDARD = "gnu++20";
				CLANG_ENABLE_MODULES = YES;
				CLANG_ENABLE_OBJC_ARC = YES;
				CLANG_ENABLE_OBJC_WEAK = YES;
				CLANG_WARN_BLOCK_CAPTURE_AUTORELEASING = YES;
				CLANG_WARN_BOOL_CONVERSION = YES;
				CLANG_WARN_COMMA = YES;
				CLANG_WARN_CONSTANT_CONVERSION = YES;
				CLANG_WARN_DEPRECATED_OBJC_IMPLEMENTATIONS = YES;
				CLANG_WARN_DIRECT_OBJC_ISA_USAGE = YES_ERROR;
				CLANG_WARN_DOCUMENTATION_COMMENTS = YES;
				CLANG_WARN_EMPTY_BODY = YES;
				CLANG_WARN_ENUM_CONVERSION = YES;
				CLANG_WARN_INFINITE_RECURSION = YES;
				CLANG_WARN_INT_CONVERSION = YES;
				CLANG_WARN_NON_LITERAL_NULL_CONVERSION = YES;
				CLANG_WARN_OBJC_IMPLICIT_RETAIN_SELF = YES;
				CLANG_WARN_OBJC_LITERAL_CONVERSION = YES;
				CLANG_WARN_OBJC_ROOT_CLASS = YES_ERROR;
				CLANG_WARN_QUOTED_INCLUDE_IN_FRAMEWORK_HEADER = YES;
				CLANG_WARN_RANGE_LOOP_ANALYSIS = YES;
				CLANG_WARN_STRICT_PROTOTYPES = YES;
				CLANG_WARN_SUSPICIOUS_MOVE = YES;
				CLANG_WARN_UNGUARDED_AVAILABILITY = YES_AGGRESSIVE;
				CLANG_WARN_UNREACHABLE_CODE = YES;
				CLANG_WARN__DUPLICATE_METHOD_MATCH = YES;
				COPY_PHASE_STRIP = NO;
				DEBUG_INFORMATION_FORMAT = "dwarf-with-dsym";
				ENABLE_NS_ASSERTIONS = NO;
				ENABLE_STRICT_OBJC_MSGSEND = YES;
				ENABLE_USER_SCRIPT_SANDBOXING = YES;
				GCC_C_LANGUAGE_STANDARD = gnu17;
				GCC_NO_COMMON_BLOCKS = YES;
				GCC_WARN_64_TO_32_BIT_CONVERSION = YES;
				GCC_WARN_ABOUT_RETURN_TYPE = YES_ERROR;
				GCC_WARN_UNDECLARED_SELECTOR = YES;
				GCC_WARN_UNINITIALIZED_AUTOS = YES_AGGRESSIVE;
				GCC_WARN_UNUSED_FUNCTION = YES;
				GCC_WARN_UNUSED_VARIABLE = YES;
				IPHONEOS_DEPLOYMENT_TARGET = 13.0;
				LOCALIZATION_PREFERS_STRING_CATALOGS = YES;
				MTL_ENABLE_DEBUG_INFO = NO;
				MTL_FAST_MATH = YES;
				SDKROOT = iphoneos;
				SWIFT_COMPILATION_MODE = wholemodule;
				VALIDATE_PRODUCT = YES;
			};
			name = Release;
		};
		4756A0382B7FCC57003F9675 /* Debug */ = {
			isa = XCBuildConfiguration;
			buildSettings = {
				ASSETCATALOG_COMPILER_APPICON_NAME = AppIcon;
				ASSETCATALOG_COMPILER_GLOBAL_ACCENT_COLOR_NAME = AccentColor;
				CODE_SIGN_STYLE = Automatic;
				CURRENT_PROJECT_VERSION = 1;
				DEVELOPMENT_TEAM = 9QVR9UVA7V;
				GENERATE_INFOPLIST_FILE = YES;
				INFOPLIST_FILE = KoshQon/Resources/Info.plist;
				INFOPLIST_KEY_UIApplicationSupportsIndirectInputEvents = YES;
				INFOPLIST_KEY_UILaunchStoryboardName = LaunchScreen;
				INFOPLIST_KEY_UISupportedInterfaceOrientations_iPad = "UIInterfaceOrientationPortrait UIInterfaceOrientationPortraitUpsideDown UIInterfaceOrientationLandscapeLeft UIInterfaceOrientationLandscapeRight";
				INFOPLIST_KEY_UISupportedInterfaceOrientations_iPhone = "UIInterfaceOrientationPortrait UIInterfaceOrientationLandscapeLeft UIInterfaceOrientationLandscapeRight";
				IPHONEOS_DEPLOYMENT_TARGET = 13.0;
				LD_RUNPATH_SEARCH_PATHS = (
					"$(inherited)",
					"@executable_path/Frameworks",
				);
				MARKETING_VERSION = 1.0;
				PRODUCT_BUNDLE_IDENTIFIER = com.abgdrv.KoshQon;
				PRODUCT_NAME = "$(TARGET_NAME)";
				SWIFT_EMIT_LOC_STRINGS = YES;
				SWIFT_VERSION = 5.0;
				TARGETED_DEVICE_FAMILY = "1,2";
			};
			name = Debug;
		};
		4756A0392B7FCC57003F9675 /* Release */ = {
			isa = XCBuildConfiguration;
			buildSettings = {
				ASSETCATALOG_COMPILER_APPICON_NAME = AppIcon;
				ASSETCATALOG_COMPILER_GLOBAL_ACCENT_COLOR_NAME = AccentColor;
				CODE_SIGN_STYLE = Automatic;
				CURRENT_PROJECT_VERSION = 1;
				DEVELOPMENT_TEAM = 9QVR9UVA7V;
				GENERATE_INFOPLIST_FILE = YES;
				INFOPLIST_FILE = KoshQon/Resources/Info.plist;
				INFOPLIST_KEY_UIApplicationSupportsIndirectInputEvents = YES;
				INFOPLIST_KEY_UILaunchStoryboardName = LaunchScreen;
				INFOPLIST_KEY_UISupportedInterfaceOrientations_iPad = "UIInterfaceOrientationPortrait UIInterfaceOrientationPortraitUpsideDown UIInterfaceOrientationLandscapeLeft UIInterfaceOrientationLandscapeRight";
				INFOPLIST_KEY_UISupportedInterfaceOrientations_iPhone = "UIInterfaceOrientationPortrait UIInterfaceOrientationLandscapeLeft UIInterfaceOrientationLandscapeRight";
				IPHONEOS_DEPLOYMENT_TARGET = 13.0;
				LD_RUNPATH_SEARCH_PATHS = (
					"$(inherited)",
					"@executable_path/Frameworks",
				);
				MARKETING_VERSION = 1.0;
				PRODUCT_BUNDLE_IDENTIFIER = com.abgdrv.KoshQon;
				PRODUCT_NAME = "$(TARGET_NAME)";
				SWIFT_EMIT_LOC_STRINGS = YES;
				SWIFT_VERSION = 5.0;
				TARGETED_DEVICE_FAMILY = "1,2";
			};
			name = Release;
		};
/* End XCBuildConfiguration section */

/* Begin XCConfigurationList section */
		4756A01E2B7FCC56003F9675 /* Build configuration list for PBXProject "KoshQon" */ = {
			isa = XCConfigurationList;
			buildConfigurations = (
				4756A0352B7FCC57003F9675 /* Debug */,
				4756A0362B7FCC57003F9675 /* Release */,
			);
			defaultConfigurationIsVisible = 0;
			defaultConfigurationName = Release;
		};
		4756A0372B7FCC57003F9675 /* Build configuration list for PBXNativeTarget "KoshQon" */ = {
			isa = XCConfigurationList;
			buildConfigurations = (
				4756A0382B7FCC57003F9675 /* Debug */,
				4756A0392B7FCC57003F9675 /* Release */,
			);
			defaultConfigurationIsVisible = 0;
			defaultConfigurationName = Release;
		};
/* End XCConfigurationList section */

/* Begin XCRemoteSwiftPackageReference section */
		47C7B3882B8136A200125172 /* XCRemoteSwiftPackageReference "netfox" */ = {
			isa = XCRemoteSwiftPackageReference;
			repositoryURL = "https://github.com/kasketis/netfox";
			requirement = {
				kind = upToNextMajorVersion;
				minimumVersion = 1.21.0;
			};
		};
		47C7B38B2B8136AB00125172 /* XCRemoteSwiftPackageReference "Kingfisher" */ = {
			isa = XCRemoteSwiftPackageReference;
			repositoryURL = "https://github.com/onevcat/Kingfisher";
			requirement = {
				kind = upToNextMajorVersion;
				minimumVersion = 7.11.0;
			};
		};
		47C7B38E2B8136B400125172 /* XCRemoteSwiftPackageReference "Alamofire" */ = {
			isa = XCRemoteSwiftPackageReference;
			repositoryURL = "https://github.com/Alamofire/Alamofire";
			requirement = {
				kind = upToNextMajorVersion;
				minimumVersion = 5.8.1;
			};
		};
		47C7B3912B8136C000125172 /* XCRemoteSwiftPackageReference "SnapKit" */ = {
			isa = XCRemoteSwiftPackageReference;
			repositoryURL = "https://github.com/SnapKit/SnapKit.git";
			requirement = {
				kind = upToNextMajorVersion;
				minimumVersion = 5.7.0;
			};
		};
/* End XCRemoteSwiftPackageReference section */

/* Begin XCSwiftPackageProductDependency section */
		47C7B3892B8136A200125172 /* netfox */ = {
			isa = XCSwiftPackageProductDependency;
			package = 47C7B3882B8136A200125172 /* XCRemoteSwiftPackageReference "netfox" */;
			productName = netfox;
		};
		47C7B38C2B8136AB00125172 /* Kingfisher */ = {
			isa = XCSwiftPackageProductDependency;
			package = 47C7B38B2B8136AB00125172 /* XCRemoteSwiftPackageReference "Kingfisher" */;
			productName = Kingfisher;
		};
		47C7B38F2B8136B400125172 /* Alamofire */ = {
			isa = XCSwiftPackageProductDependency;
			package = 47C7B38E2B8136B400125172 /* XCRemoteSwiftPackageReference "Alamofire" */;
			productName = Alamofire;
		};
		47C7B3922B8136C000125172 /* SnapKit */ = {
			isa = XCSwiftPackageProductDependency;
			package = 47C7B3912B8136C000125172 /* XCRemoteSwiftPackageReference "SnapKit" */;
			productName = SnapKit;
		};
/* End XCSwiftPackageProductDependency section */
	};
	rootObject = 4756A01B2B7FCC56003F9675 /* Project object */;
}
